DEPENDENCIES
  application_ruby (~> 3.0.2)
  git (~> 4.0.2)
  huginn
    path: site-cookbooks/huginn
  mysql (~> 5.3.6)
  nginx (~> 2.7.4)
  nodejs (~> 2.1.0)
  rbenv (~> 1.7.1)
  sudo (~> 2.7.0)

GRAPH
  7-zip (1.0.2)
    windows (>= 1.2.2)
  apache2 (2.0.0)
    iptables (>= 0.0.0)
    logrotate (>= 0.0.0)
    pacman (>= 0.0.0)
  application (4.1.4)
  application_ruby (3.0.2)
    apache2 (>= 0.0.0)
    application (~> 4.0)
    logrotate (~> 1.0)
    passenger_apache2 (>= 0.0.0)
    runit (~> 1.0)
    unicorn (>= 0.0.0)
  apt (2.5.3)
  ark (0.9.0)
    7-zip (>= 0.0.0)
    windows (>= 0.0.0)
  bluepill (2.3.1)
    rsyslog (>= 0.0.0)
  build-essential (2.0.6)
  chef_handler (1.1.6)
  dmg (2.2.0)
  git (4.0.2)
    build-essential (>= 0.0.0)
    dmg (>= 0.0.0)
    runit (>= 1.0.0)
    windows (>= 0.0.0)
    yum (~> 3.0)
    yum-epel (>= 0.0.0)
  huginn (0.0.1)
    application (>= 0.0.0)
    application_ruby (>= 0.0.0)
    apt (>= 0.0.0)
    git (>= 0.0.0)
    rbenv (>= 0.0.0)
    sudo (>= 0.0.0)
  iptables (0.13.2)
  logrotate (1.6.0)
  mysql (5.3.6)
    yum-mysql-community (>= 0.0.0)
  nginx (2.7.4)
    apt (~> 2.2)
    bluepill (~> 2.3)
    build-essential (~> 2.0)
    ohai (~> 2.0)
    runit (~> 1.2)
    yum-epel (~> 0.3)
  nodejs (2.1.0)
    apt (>= 0.0.0)
    ark (>= 0.0.0)
    build-essential (>= 0.0.0)
    yum-epel (>= 0.0.0)
  ohai (2.0.1)
  pacman (1.1.1)
  passenger_apache2 (2.2.0)
    apache2 (>= 1.0.4)
    build-essential (>= 0.0.0)
  rbenv (1.7.1)
    apt (>= 0.0.0)
    build-essential (>= 0.0.0)
    git (>= 0.0.0)
    ohai (>= 1.1)
  rsyslog (1.12.2)
  runit (1.5.10)
    build-essential (>= 0.0.0)
    yum (~> 3.0)
    yum-epel (>= 0.0.0)
  sudo (2.7.0)
  unicorn (2.0.0)
  windows (1.34.2)
    chef_handler (>= 0.0.0)
  yum (3.2.4)
  yum-epel (0.4.0)
    yum (~> 3.0)
  yum-mysql-community (0.1.10)
    yum (>= 3.0)
